// !$*UTF8*$!
{
	archiveVersion = 1;
	classes = {
	};
	objectVersion = 46;
	objects = {

/* Begin PBXBuildFile section */
		D72E8C7016D5047700449679 /* UIKit.framework in Frameworks */ = {isa = PBXBuildFile; fileRef = D72E8C6F16D5047700449679 /* UIKit.framework */; };
		D72E8C7216D5047700449679 /* Foundation.framework in Frameworks */ = {isa = PBXBuildFile; fileRef = D72E8C7116D5047700449679 /* Foundation.framework */; };
		D72E8C7416D5047700449679 /* CoreGraphics.framework in Frameworks */ = {isa = PBXBuildFile; fileRef = D72E8C7316D5047700449679 /* CoreGraphics.framework */; };
		D72E8C7A16D5047700449679 /* InfoPlist.strings in Resources */ = {isa = PBXBuildFile; fileRef = D72E8C7816D5047700449679 /* InfoPlist.strings */; };
		D72E8C7C16D5047700449679 /* main.m in Sources */ = {isa = PBXBuildFile; fileRef = D72E8C7B16D5047700449679 /* main.m */; };
		D72E8C8016D5047700449679 /* AppDelegate.m in Sources */ = {isa = PBXBuildFile; fileRef = D72E8C7F16D5047700449679 /* AppDelegate.m */; };
		D72E8C8216D5047800449679 /* Default.png in Resources */ = {isa = PBXBuildFile; fileRef = D72E8C8116D5047800449679 /* Default.png */; };
		D72E8C8416D5047800449679 /* Default@2x.png in Resources */ = {isa = PBXBuildFile; fileRef = D72E8C8316D5047800449679 /* Default@2x.png */; };
		D72E8C8616D5047800449679 /* Default-568h@2x.png in Resources */ = {isa = PBXBuildFile; fileRef = D72E8C8516D5047800449679 /* Default-568h@2x.png */; };
/* End PBXBuildFile section */

/* Begin PBXFileReference section */
		D72E8C6B16D5047700449679 /* Tweetify.app */ = {isa = PBXFileReference; explicitFileType = wrapper.application; includeInIndex = 0; path = Tweetify.app; sourceTree = BUILT_PRODUCTS_DIR; };
		D72E8C6F16D5047700449679 /* UIKit.framework */ = {isa = PBXFileReference; lastKnownFileType = wrapper.framework; name = UIKit.framework; path = System/Library/Frameworks/UIKit.framework; sourceTree = SDKROOT; };
		D72E8C7116D5047700449679 /* Foundation.framework */ = {isa = PBXFileReference; lastKnownFileType = wrapper.framework; name = Foundation.framework; path = System/Library/Frameworks/Foundation.framework; sourceTree = SDKROOT; };
		D72E8C7316D5047700449679 /* CoreGraphics.framework */ = {isa = PBXFileReference; lastKnownFileType = wrapper.framework; name = CoreGraphics.framework; path = System/Library/Frameworks/CoreGraphics.framework; sourceTree = SDKROOT; };
		D72E8C7716D5047700449679 /* Tweetify-Info.plist */ = {isa = PBXFileReference; lastKnownFileType = text.plist.xml; path = "Tweetify-Info.plist"; sourceTree = "<group>"; };
		D72E8C7916D5047700449679 /* en */ = {isa = PBXFileReference; lastKnownFileType = text.plist.strings; name = en; path = en.lproj/InfoPlist.strings; sourceTree = "<group>"; };
		D72E8C7B16D5047700449679 /* main.m */ = {isa = PBXFileReference; lastKnownFileType = sourcecode.c.objc; path = main.m; sourceTree = "<group>"; };
		D72E8C7D16D5047700449679 /* Tweetify-Prefix.pch */ = {isa = PBXFileReference; lastKnownFileType = sourcecode.c.h; path = "Tweetify-Prefix.pch"; sourceTree = "<group>"; };
		D72E8C7E16D5047700449679 /* AppDelegate.h */ = {isa = PBXFileReference; lastKnownFileType = sourcecode.c.h; path = AppDelegate.h; sourceTree = "<group>"; };
		D72E8C7F16D5047700449679 /* AppDelegate.m */ = {isa = PBXFileReference; lastKnownFileType = sourcecode.c.objc; path = AppDelegate.m; sourceTree = "<group>"; };
		D72E8C8116D5047800449679 /* Default.png */ = {isa = PBXFileReference; lastKnownFileType = image.png; path = Default.png; sourceTree = "<group>"; };
		D72E8C8316D5047800449679 /* Default@2x.png */ = {isa = PBXFileReference; lastKnownFileType = image.png; path = "Default@2x.png"; sourceTree = "<group>"; };
		D72E8C8516D5047800449679 /* Default-568h@2x.png */ = {isa = PBXFileReference; lastKnownFileType = image.png; path = "Default-568h@2x.png"; sourceTree = "<group>"; };
/* End PBXFileReference section */

/* Begin PBXFrameworksBuildPhase section */
		D72E8C6816D5047700449679 /* Frameworks */ = {
			isa = PBXFrameworksBuildPhase;
			buildActionMask = 2147483647;
			files = (
				D72E8C7016D5047700449679 /* UIKit.framework in Frameworks */,
				D72E8C7216D5047700449679 /* Foundation.framework in Frameworks */,
				D72E8C7416D5047700449679 /* CoreGraphics.framework in Frameworks */,
			);
			runOnlyForDeploymentPostprocessing = 0;
		};
/* End PBXFrameworksBuildPhase section */

/* Begin PBXGroup section */
		D72E8C6016D5047700449679 = {
			isa = PBXGroup;
			children = (
				D72E8C7516D5047700449679 /* Tweetify */,
				D72E8C6E16D5047700449679 /* Frameworks */,
				D72E8C6C16D5047700449679 /* Products */,
			);
			sourceTree = "<group>";
		};
		D72E8C6C16D5047700449679 /* Products */ = {
			isa = PBXGroup;
			children = (
				D72E8C6B16D5047700449679 /* Tweetify.app */,
			);
			name = Products;
			sourceTree = "<group>";
		};
		D72E8C6E16D5047700449679 /* Frameworks */ = {
			isa = PBXGroup;
			children = (
				D72E8C6F16D5047700449679 /* UIKit.framework */,
				D72E8C7116D5047700449679 /* Foundation.framework */,
				D72E8C7316D5047700449679 /* CoreGraphics.framework */,
			);
			name = Frameworks;
			sourceTree = "<group>";
		};
		D72E8C7516D5047700449679 /* Tweetify */ = {
			isa = PBXGroup;
			children = (
				D72E8C7E16D5047700449679 /* AppDelegate.h */,
				D72E8C7F16D5047700449679 /* AppDelegate.m */,
				D72E8C7616D5047700449679 /* Supporting Files */,
			);
			path = Tweetify;
			sourceTree = "<group>";
		};
		D72E8C7616D5047700449679 /* Supporting Files */ = {
			isa = PBXGroup;
			children = (
				D72E8C7716D5047700449679 /* Tweetify-Info.plist */,
				D72E8C7816D5047700449679 /* InfoPlist.strings */,
				D72E8C7B16D5047700449679 /* main.m */,
				D72E8C7D16D5047700449679 /* Tweetify-Prefix.pch */,
				D72E8C8116D5047800449679 /* Default.png */,
				D72E8C8316D5047800449679 /* Default@2x.png */,
				D72E8C8516D5047800449679 /* Default-568h@2x.png */,
			);
			name = "Supporting Files";
			sourceTree = "<group>";
		};
/* End PBXGroup section */

/* Begin PBXNativeTarget section */
		D72E8C6A16D5047700449679 /* Tweetify */ = {
			isa = PBXNativeTarget;
			buildConfigurationList = D72E8C8F16D5047800449679 /* Build configuration list for PBXNativeTarget "Tweetify" */;
			buildPhases = (
				D72E8C6716D5047700449679 /* Sources */,
				D72E8C6816D5047700449679 /* Frameworks */,
				D72E8C6916D5047700449679 /* Resources */,
			);
			buildRules = (
			);
			dependencies = (
			);
			name = Tweetify;
			productName = Tweetify;
			productReference = D72E8C6B16D5047700449679 /* Tweetify.app */;
			productType = "com.apple.product-type.application";
		};
/* End PBXNativeTarget section */

/* Begin PBXProject section */
		D72E8C6216D5047700449679 /* Project object */ = {
			isa = PBXProject;
			attributes = {
				LastUpgradeCheck = 0450;
				ORGANIZATIONNAME = smr;
			};
			buildConfigurationList = D72E8C6516D5047700449679 /* Build configuration list for PBXProject "Tweetify" */;
			compatibilityVersion = "Xcode 3.2";
			developmentRegion = English;
			hasScannedForEncodings = 0;
			knownRegions = (
				en,
			);
			mainGroup = D72E8C6016D5047700449679;
			productRefGroup = D72E8C6C16D5047700449679 /* Products */;
			projectDirPath = "";
			projectRoot = "";
			targets = (
				D72E8C6A16D5047700449679 /* Tweetify */,
			);
		};
/* End PBXProject section */

/* Begin PBXResourcesBuildPhase section */
		D72E8C6916D5047700449679 /* Resources */ = {
			isa = PBXResourcesBuildPhase;
			buildActionMask = 2147483647;
			files = (
				D72E8C7A16D5047700449679 /* InfoPlist.strings in Resources */,
				D72E8C8216D5047800449679 /* Default.png in Resources */,
				D72E8C8416D5047800449679 /* Default@2x.png in Resources */,
				D72E8C8616D5047800449679 /* Default-568h@2x.png in Resources */,
			);
			runOnlyForDeploymentPostprocessing = 0;
		};
/* End PBXResourcesBuildPhase section */

/* Begin PBXSourcesBuildPhase section */
		D72E8C6716D5047700449679 /* Sources */ = {
			isa = PBXSourcesBuildPhase;
			buildActionMask = 2147483647;
			files = (
				D72E8C7C16D5047700449679 /* main.m in Sources */,
				D72E8C8016D5047700449679 /* AppDelegate.m in Sources */,
			);
			runOnlyForDeploymentPostprocessing = 0;
		};
/* End PBXSourcesBuildPhase section */

/* Begin PBXVariantGroup section */
		D72E8C7816D5047700449679 /* InfoPlist.strings */ = {
			isa = PBXVariantGroup;
			children = (
				D72E8C7916D5047700449679 /* en */,
			);
			name = InfoPlist.strings;
			sourceTree = "<group>";
		};
/* End PBXVariantGroup section */

/* Begin XCBuildConfiguration section */
		D72E8C8D16D5047800449679 /* Debug */ = {
			isa = XCBuildConfiguration;
			buildSettings = {
				ALWAYS_SEARCH_USER_PATHS = NO;
				CLANG_CXX_LANGUAGE_STANDARD = "gnu++0x";
				CLANG_CXX_LIBRARY = "libc++";
				CLANG_WARN_EMPTY_BODY = YES;
				CLANG_WARN__DUPLICATE_METHOD_MATCH = YES;
				"CODE_SIGN_IDENTITY[sdk=iphoneos*]" = "iPhone Developer";
				COPY_PHASE_STRIP = NO;
				GCC_C_LANGUAGE_STANDARD = gnu99;
				GCC_DYNAMIC_NO_PIC = NO;
				GCC_OPTIMIZATION_LEVEL = 0;
				GCC_PREPROCESSOR_DEFINITIONS = (
					"DEBUG=1",
					"$(inherited)",
				);
				GCC_SYMBOLS_PRIVATE_EXTERN = NO;
				GCC_WARN_ABOUT_RETURN_TYPE = YES;
				GCC_WARN_UNINITIALIZED_AUTOS = YES;
				GCC_WARN_UNUSED_VARIABLE = YES;
				IPHONEOS_DEPLOYMENT_TARGET = 6.0;
				SDKROOT = iphoneos;
			};
			name = Debug;
		};
		D72E8C8E16D5047800449679 /* Release */ = {
			isa = XCBuildConfiguration;
			buildSettings = {
				ALWAYS_SEARCH_USER_PATHS = NO;
				CLANG_CXX_LANGUAGE_STANDARD = "gnu++0x";
				CLANG_CXX_LIBRARY = "libc++";
				CLANG_WARN_EMPTY_BODY = YES;
				CLANG_WARN__DUPLICATE_METHOD_MATCH = YES;
				"CODE_SIGN_IDENTITY[sdk=iphoneos*]" = "iPhone Developer";
				COPY_PHASE_STRIP = YES;
				GCC_C_LANGUAGE_STANDARD = gnu99;
				GCC_WARN_ABOUT_RETURN_TYPE = YES;
				GCC_WARN_UNINITIALIZED_AUTOS = YES;
				GCC_WARN_UNUSED_VARIABLE = YES;
				IPHONEOS_DEPLOYMENT_TARGET = 6.0;
				OTHER_CFLAGS = "-DNS_BLOCK_ASSERTIONS=1";
				SDKROOT = iphoneos;
				VALIDATE_PRODUCT = YES;
			};
			name = Release;
		};
		D72E8C9016D5047800449679 /* Debug */ = {
			isa = XCBuildConfiguration;
			buildSettings = {
				GCC_PRECOMPILE_PREFIX_HEADER = YES;
				GCC_PREFIX_HEADER = "Tweetify/Tweetify-Prefix.pch";
				INFOPLIST_FILE = "Tweetify/Tweetify-Info.plist";
				PRODUCT_NAME = "$(TARGET_NAME)";
				WRAPPER_EXTENSION = app;
			};
			name = Debug;
		};
		D72E8C9116D5047800449679 /* Release */ = {
			isa = XCBuildConfiguration;
			buildSettings = {
				GCC_PRECOMPILE_PREFIX_HEADER = YES;
				GCC_PREFIX_HEADER = "Tweetify/Tweetify-Prefix.pch";
				INFOPLIST_FILE = "Tweetify/Tweetify-Info.plist";
				PRODUCT_NAME = "$(TARGET_NAME)";
				WRAPPER_EXTENSION = app;
			};
			name = Release;
		};
/* End XCBuildConfiguration section */

/* Begin XCConfigurationList section */
		D72E8C6516D5047700449679 /* Build configuration list for PBXProject "Tweetify" */ = {
			isa = XCConfigurationList;
			buildConfigurations = (
				D72E8C8D16D5047800449679 /* Debug */,
				D72E8C8E16D5047800449679 /* Release */,
			);
			defaultConfigurationIsVisible = 0;
			defaultConfigurationName = Release;
		};
		D72E8C8F16D5047800449679 /* Build configuration list for PBXNativeTarget "Tweetify" */ = {
			isa = XCConfigurationList;
			buildConfigurations = (
				D72E8C9016D5047800449679 /* Debug */,
				D72E8C9116D5047800449679 /* Release */,
			);
			defaultConfigurationIsVisible = 0;
		};
/* End XCConfigurationList section */
	};
	rootObject = D72E8C6216D5047700449679 /* Project object */;
}
